lockfileVersion: '9.0'

settings:
  autoInstallPeers: true
  excludeLinksFromLockfile: false

importers:

  .:
    devDependencies:
      '@types/hast':
        specifier: ^3.0.4
        version: 3.0.4
      '@types/node':
        specifier: ^20.12.7
        version: 20.14.9
      color:
        specifier: ^4.2.3
        version: 4.2.3
      hastscript:
        specifier: ^9.0.0
        version: 9.0.0
      sade:
        specifier: ^1.8.1
        version: 1.8.1
      shiki:
        specifier: ^1.4.0
        version: 1.10.1
      typescript:
        specifier: ^5.4.5
        version: 5.5.3
      uvu:
        specifier: ^0.5.6
        version: 0.5.6

packages:

  '@shikijs/core@1.10.1':
    resolution: {integrity: sha512-qdiJS5a/QGCff7VUFIqd0hDdWly9rDp8lhVmXVrS11aazX8LOTRLHAXkkEeONNsS43EcCd7gax9LLoOz4vlFQA==}

  '@types/hast@3.0.4':
    resolution: {integrity: sha512-WPs+bbQw5aCj+x6laNGWLH3wviHtoCv/P3+otBhbOhJgG8qtpdAMlTCxLtsTWA7LH1Oh/bFCHsBn0TPS5m30EQ==}

  '@types/node@20.14.9':
    resolution: {integrity: sha512-06OCtnTXtWOZBJlRApleWndH4JsRVs1pDCc8dLSQp+7PpUpX3ePdHyeNSFTeSe7FtKyQkrlPvHwJOW3SLd8Oyg==}

  '@types/unist@3.0.2':
    resolution: {integrity: sha512-dqId9J8K/vGi5Zr7oo212BGii5m3q5Hxlkwy3WpYuKPklmBEvsbMYYyLxAQpSffdLl/gdW0XUpKWFvYmyoWCoQ==}

  color-convert@2.0.1:
    resolution: {integrity: sha512-RRECPsj7iu/xb5oKYcsFHSppFNnsj/52OVTRKb4zP5onXwVF3zVmmToNcOfGC+CRDpfK/U584fMg38ZHCaElKQ==}
    engines: {node: '>=7.0.0'}

  color-name@1.1.4:
    resolution: {integrity: sha512-dOy+3AuW3a2wNbZHIuMZpTcgjGuLU/uBL/ubcZF9OXbDo8ff4O8yVp5Bf0efS8uEoYo5q4Fx7dY9OgQGXgAsQA==}

  color-string@1.9.1:
    resolution: {integrity: sha512-shrVawQFojnZv6xM40anx4CkoDP+fZsw/ZerEMsW/pyzsRbElpsL/DBVW7q3ExxwusdNXI3lXpuhEZkzs8p5Eg==}

  color@4.2.3:
    resolution: {integrity: sha512-1rXeuUUiGGrykh+CeBdu5Ie7OJwinCgQY0bc7GCRxy5xVHy+moaqkpL/jqQq0MtQOeYcrqEz4abc5f0KtU7W4A==}
    engines: {node: '>=12.5.0'}

  comma-separated-tokens@2.0.3:
    resolution: {integrity: sha512-Fu4hJdvzeylCfQPp9SGWidpzrMs7tTrlu6Vb8XGaRGck8QSNZJJp538Wrb60Lax4fPwR64ViY468OIUTbRlGZg==}

  dequal@2.0.3:
    resolution: {integrity: sha512-0je+qPKHEMohvfRTCEo3CrPG6cAzAYgmzKyxRiYSSDkS6eGJdyVJm7WaYA5ECaAD9wLB2T4EEeymA5aFVcYXCA==}
    engines: {node: '>=6'}

  diff@5.2.0:
    resolution: {integrity: sha512-uIFDxqpRZGZ6ThOk84hEfqWoHx2devRFvpTZcTHur85vImfaxUbTW9Ryh4CpCuDnToOP1CEtXKIgytHBPVff5A==}
    engines: {node: '>=0.3.1'}

  hast-util-parse-selector@4.0.0:
    resolution: {integrity: sha512-wkQCkSYoOGCRKERFWcxMVMOcYE2K1AaNLU8DXS9arxnLOUEWbOXKXiJUNzEpqZ3JOKpnha3jkFrumEjVliDe7A==}

  hastscript@9.0.0:
    resolution: {integrity: sha512-jzaLBGavEDKHrc5EfFImKN7nZKKBdSLIdGvCwDZ9TfzbF2ffXiov8CKE445L2Z1Ek2t/m4SKQ2j6Ipv7NyUolw==}

  is-arrayish@0.3.2:
    resolution: {integrity: sha512-eVRqCvVlZbuw3GrM63ovNSNAeA1K16kaR/LRY/92w0zxQ5/1YzwblUX652i4Xs9RwAGjW9d9y6X88t8OaAJfWQ==}

  kleur@4.1.5:
    resolution: {integrity: sha512-o+NO+8WrRiQEE4/7nwRJhN1HWpVmJm511pBHUxPLtp0BUISzlBplORYSmTclCnJvQq2tKu/sgl3xVpkc7ZWuQQ==}
    engines: {node: '>=6'}

  mri@1.2.0:
    resolution: {integrity: sha512-tzzskb3bG8LvYGFF/mDTpq3jpI6Q9wc3LEmBaghu+DdCssd1FakN7Bc0hVNmEyGq1bq3RgfkCb3cmQLpNPOroA==}
    engines: {node: '>=4'}

  property-information@6.5.0:
    resolution: {integrity: sha512-PgTgs/BlvHxOu8QuEN7wi5A0OmXaBcHpmCSTehcs6Uuu9IkDIEo13Hy7n898RHfrQ49vKCoGeWZSaAK01nwVig==}

  sade@1.8.1:
    resolution: {integrity: sha512-xal3CZX1Xlo/k4ApwCFrHVACi9fBqJ7V+mwhBsuf/1IOKbBy098Fex+Wa/5QMubw09pSZ/u8EY8PWgevJsXp1A==}
    engines: {node: '>=6'}

  shiki@1.10.1:
    resolution: {integrity: sha512-uafV7WCgN4YYrccH6yxpnps6k38sSTlFRrwc4jycWmhWxJIm9dPrk+XkY1hZ2t0I7jmacMNb15Lf2fspa/Y3lg==}

  simple-swizzle@0.2.2:
    resolution: {integrity: sha512-JA//kQgZtbuY83m+xT+tXJkmJncGMTFT+C+g2h2R9uxkYIrE2yy9sgmcLhCnw57/WSD+Eh3J97FPEDFnbXnDUg==}

  space-separated-tokens@2.0.2:
    resolution: {integrity: sha512-PEGlAwrG8yXGXRjW32fGbg66JAlOAwbObuqVoJpv/mRgoWDQfgH1wDPvtzWyUSNAXBGSk8h755YDbbcEy3SH2Q==}

  typescript@5.5.3:
    resolution: {integrity: sha512-/hreyEujaB0w76zKo6717l3L0o/qEUtRgdvUBvlkhoWeOVMjMuHNHk0BRBzikzuGDqNmPQbg5ifMEqsHLiIUcQ==}
    engines: {node: '>=14.17'}
    hasBin: true

  undici-types@5.26.5:
    resolution: {integrity: sha512-JlCMO+ehdEIKqlFxk6IfVoAUVmgz7cU7zD/h9XZ0qzeosSHmUJVOzSQvvYSYWXkFXC+IfLKSIffhv0sVZup6pA==}

  uvu@0.5.6:
    resolution: {integrity: sha512-+g8ENReyr8YsOc6fv/NVJs2vFdHBnBNdfE49rshrTzDWOlUx4Gq7KOS2GD8eqhy2j+Ejq29+SbKH8yjkAqXqoA==}
    engines: {node: '>=8'}
    hasBin: true

snapshots:

  '@shikijs/core@1.10.1': {}

  '@types/hast@3.0.4':
    dependencies:
      '@types/unist': 3.0.2

  '@types/node@20.14.9':
    dependencies:
      undici-types: 5.26.5

  '@types/unist@3.0.2': {}

  color-convert@2.0.1:
    dependencies:
      color-name: 1.1.4

  color-name@1.1.4: {}

  color-string@1.9.1:
    dependencies:
      color-name: 1.1.4
      simple-swizzle: 0.2.2

  color@4.2.3:
    dependencies:
      color-convert: 2.0.1
      color-string: 1.9.1

  comma-separated-tokens@2.0.3: {}

  dequal@2.0.3: {}

  diff@5.2.0: {}

  hast-util-parse-selector@4.0.0:
    dependencies:
      '@types/hast': 3.0.4

  hastscript@9.0.0:
    dependencies:
      '@types/hast': 3.0.4
      comma-separated-tokens: 2.0.3
      hast-util-parse-selector: 4.0.0
      property-information: 6.5.0
      space-separated-tokens: 2.0.2

  is-arrayish@0.3.2: {}

  kleur@4.1.5: {}

  mri@1.2.0: {}

  property-information@6.5.0: {}

  sade@1.8.1:
    dependencies:
      mri: 1.2.0

  shiki@1.10.1:
    dependencies:
      '@shikijs/core': 1.10.1

  simple-swizzle@0.2.2:
    dependencies:
      is-arrayish: 0.3.2

  space-separated-tokens@2.0.2: {}

  typescript@5.5.3: {}

  undici-types@5.26.5: {}

  uvu@0.5.6:
    dependencies:
      dequal: 2.0.3
      diff: 5.2.0
      kleur: 4.1.5
      sade: 1.8.1
